
Microsoft Visual Studio Solution File, Format Version 12.00
# Visual Studio Version 16
VisualStudioVersion = 16.0.30011.22
MinimumVisualStudioVersion = 10.0.40219.1
Project("{8BC9CEB8-8B4A-11D0-8D11-00A0C91BC942}") = "Homework1", "Homework1\Homework1.vcxproj", "{DF764275-FB01-4095-8528-5FD7BE7DABA8}"
EndProject
Project("{8BC9CEB8-8B4A-11D0-8D11-00A0C91BC942}") = "Homework2-2", "Homework2-2\Homework2-2.vcxproj", "{BAFAAC00-1887-4BF5-91A0-180E4F4CAA93}"
EndProject
Project("{8BC9CEB8-8B4A-11D0-8D11-00A0C91BC942}") = "Homework3-1", "Homework3-1\Homework3-1.vcxproj", "{B3C0234A-34BC-4423-9A16-6252970FC78C}"
EndProject
Project("{8BC9CEB8-8B4A-11D0-8D11-00A0C91BC942}") = "Homework3-2", "Homework3-2\Homework3-2.vcxproj", "{DB249DB0-A3C8-419C-B554-E8AB9A416B91}"
EndProject
Project("{8BC9CEB8-8B4A-11D0-8D11-00A0C91BC942}") = "Homework4-1", "Homework4-1\Homework4-1.vcxproj", "{837D9D29-F178-4F85-B35D-7DC1E286BA21}"
EndProject
Project("{8BC9CEB8-8B4A-11D0-8D11-00A0C91BC942}") = "Homework5-1", "Homework5-1\Homework5-1.vcxproj", "{2B95CF9A-DB38-421E-907E-07AB0E68C3BC}"
EndProject
Project("{8BC9CEB8-8B4A-11D0-8D11-00A0C91BC942}") = "Homework5-2", "Homework5-2\Homework5-2.vcxproj", "{58D60FAF-2C32-4821-B599-D88D717A1EDA}"
EndProject
Project("{8BC9CEB8-8B4A-11D0-8D11-00A0C91BC942}") = "Homework6-1", "Homework6-1\Homework6-1.vcxproj", "{22918EFA-9C57-461F-A7A3-106F75EB4663}"
EndProject
Project("{8BC9CEB8-8B4A-11D0-8D11-00A0C91BC942}") = "Homework7-1", "Homework7-1\Homework7-1.vcxproj", "{FD19BF55-895C-42D2-950A-ED918902C99A}"
EndProject
Project("{8BC9CEB8-8B4A-11D0-8D11-00A0C91BC942}") = "Homework7-2", "Homework7-2\Homework7-2.vcxproj", "{E76723B8-64FC-4D73-AEE5-AF908CE377DA}"
EndProject
Project("{8BC9CEB8-8B4A-11D0-8D11-00A0C91BC942}") = "Homework9-1", "Homework9-1\Homework9-1.vcxproj", "{6D78A72B-9B8E-44F9-BFF3-B49508E5135D}"
EndProject
Project("{8BC9CEB8-8B4A-11D0-8D11-00A0C91BC942}") = "Homework9-2", "Homework9-2\Homework9-2.vcxproj", "{23503966-F36E-44C9-AD5A-3BA90EEABFFE}"
EndProject
Project("{8BC9CEB8-8B4A-11D0-8D11-00A0C91BC942}") = "Homework10-1", "Homework10-1\Homework10-1.vcxproj", "{D86A6F96-E261-4E49-81AC-B9996CEEB16D}"
EndProject
Project("{8BC9CEB8-8B4A-11D0-8D11-00A0C91BC942}") = "Homework10-2", "Homework10-2\Homework10-2.vcxproj", "{BA865F74-BBF7-4D35-9770-181ECD0FA5B8}"
EndProject
Project("{8BC9CEB8-8B4A-11D0-8D11-00A0C91BC942}") = "Report1-1", "Report1-1\Report1-1.vcxproj", "{CC6C805F-CA67-4156-BF12-3EB45B7D05BD}"
EndProject
Project("{8BC9CEB8-8B4A-11D0-8D11-00A0C91BC942}") = "Report1-2", "Report1-2\Report1-2.vcxproj", "{E7A4BEB7-57A3-4F80-AECA-455E98362179}"
EndProject
Project("{8BC9CEB8-8B4A-11D0-8D11-00A0C91BC942}") = "Report2-1", "Report2-1\Report2-1.vcxproj", "{D8B381D2-8EC2-4666-A1C7-C7AD57B01C92}"
EndProject
Project("{8BC9CEB8-8B4A-11D0-8D11-00A0C91BC942}") = "Report2-2", "Report2-2\Report2-2.vcxproj", "{AEA4B1DF-E3B6-436D-BA16-ABB5E135D021}"
EndProject
Project("{8BC9CEB8-8B4A-11D0-8D11-00A0C91BC942}") = "Homework6-2", "Homework6-2\Homework6-2.vcxproj", "{29EC6FD3-A034-43ED-B070-F4E517DCA916}"
EndProject
Project("{8BC9CEB8-8B4A-11D0-8D11-00A0C91BC942}") = "Homework4-2", "Homework4-2\Homework4-2.vcxproj", "{4697F2E1-2C54-41D8-831C-E25BBA3AD61D}"
EndProject
Project("{8BC9CEB8-8B4A-11D0-8D11-00A0C91BC942}") = "Homework11-2", "Homework11-2\Homework11-2.vcxproj", "{9BFAE160-AFB1-4142-B24F-2C647F308E2F}"
EndProject
Project("{8BC9CEB8-8B4A-11D0-8D11-00A0C91BC942}") = "Homework11-1", "Homework11-1\Homework11-1.vcxproj", "{97B76D14-962D-45E1-AB68-47474AC0A1FA}"
EndProject
Project("{8BC9CEB8-8B4A-11D0-8D11-00A0C91BC942}") = "Report3-1", "Report3-1\Report3-1.vcxproj", "{D583F8F6-C65A-4968-80F2-E08A4DC0390F}"
EndProject
Project("{8BC9CEB8-8B4A-11D0-8D11-00A0C91BC942}") = "Report3-2", "Report3-2\Report3-2.vcxproj", "{D2B30D51-D149-4E9B-805A-ABD1C135CF02}"
EndProject
Project("{8BC9CEB8-8B4A-11D0-8D11-00A0C91BC942}") = "Report3-3", "Report3-3\Report3-3.vcxproj", "{6C4DE9BC-674A-45DD-9FC2-C50C27B9E6EB}"
EndProject
Project("{8BC9CEB8-8B4A-11D0-8D11-00A0C91BC942}") = "Report3-4", "Report3-4\Report3-4.vcxproj", "{3F9F4CF0-8002-4C84-81B0-EBB3480F1712}"
EndProject
Project("{8BC9CEB8-8B4A-11D0-8D11-00A0C91BC942}") = "Homework12-1", "Homework12-1\Homework12-1.vcxproj", "{6B28199A-980C-46D5-905C-C27B8B2749F9}"
EndProject
Project("{8BC9CEB8-8B4A-11D0-8D11-00A0C91BC942}") = "Homework12-2", "Homework12-2\Homework12-2.vcxproj", "{3FDC1197-D853-453B-910E-203D8E94C683}"
EndProject
Project("{8BC9CEB8-8B4A-11D0-8D11-00A0C91BC942}") = "Report4-1", "Report4-1\Report4-1.vcxproj", "{D83AACC2-557A-4848-8BAF-239F4946CF9A}"
EndProject
Project("{8BC9CEB8-8B4A-11D0-8D11-00A0C91BC942}") = "Report4-2", "Report4-2\Report4-2.vcxproj", "{19F1967C-9ED9-4EB9-BCA9-8A46E7E241FD}"
EndProject
Project("{8BC9CEB8-8B4A-11D0-8D11-00A0C91BC942}") = "Report4-3", "Report4-3\Report4-3.vcxproj", "{FEFC0CA9-C99E-45A4-99A6-C6D06648632F}"
EndProject
Project("{8BC9CEB8-8B4A-11D0-8D11-00A0C91BC942}") = "Homework13-1", "Homework13-1\Homework13-1.vcxproj", "{BD0D786F-8DD9-4E0A-9172-30530489692E}"
EndProject
Project("{8BC9CEB8-8B4A-11D0-8D11-00A0C91BC942}") = "homework13-2", "homework13-2\homework13-2.vcxproj", "{D1CA7ECB-DD27-4178-B4EE-DF15E232D559}"
EndProject
Project("{8BC9CEB8-8B4A-11D0-8D11-00A0C91BC942}") = "Homework14", "Homework14\Homework14.vcxproj", "{C68DAB96-DB29-4E17-85CB-C879B76D7FE5}"
EndProject
Project("{8BC9CEB8-8B4A-11D0-8D11-00A0C91BC942}") = "Homework2-1", "Homework2-1\Homework2-1.vcxproj", "{9EF095DB-6BBC-472F-A164-B72DFAE628A8}"
EndProject
Global
	GlobalSection(SolutionConfigurationPlatforms) = preSolution
		Debug|x64 = Debug|x64
		Debug|x86 = Debug|x86
		Release|x64 = Release|x64
		Release|x86 = Release|x86
	EndGlobalSection
	GlobalSection(ProjectConfigurationPlatforms) = postSolution
		{DF764275-FB01-4095-8528-5FD7BE7DABA8}.Debug|x64.ActiveCfg = Debug|x64
		{DF764275-FB01-4095-8528-5FD7BE7DABA8}.Debug|x64.Build.0 = Debug|x64
		{DF764275-FB01-4095-8528-5FD7BE7DABA8}.Debug|x86.ActiveCfg = Debug|Win32
		{DF764275-FB01-4095-8528-5FD7BE7DABA8}.Debug|x86.Build.0 = Debug|Win32
		{DF764275-FB01-4095-8528-5FD7BE7DABA8}.Release|x64.ActiveCfg = Release|x64
		{DF764275-FB01-4095-8528-5FD7BE7DABA8}.Release|x64.Build.0 = Release|x64
		{DF764275-FB01-4095-8528-5FD7BE7DABA8}.Release|x86.ActiveCfg = Release|Win32
		{DF764275-FB01-4095-8528-5FD7BE7DABA8}.Release|x86.Build.0 = Release|Win32
		{BAFAAC00-1887-4BF5-91A0-180E4F4CAA93}.Debug|x64.ActiveCfg = Debug|x64
		{BAFAAC00-1887-4BF5-91A0-180E4F4CAA93}.Debug|x64.Build.0 = Debug|x64
		{BAFAAC00-1887-4BF5-91A0-180E4F4CAA93}.Debug|x86.ActiveCfg = Debug|Win32
		{BAFAAC00-1887-4BF5-91A0-180E4F4CAA93}.Debug|x86.Build.0 = Debug|Win32
		{BAFAAC00-1887-4BF5-91A0-180E4F4CAA93}.Release|x64.ActiveCfg = Release|x64
		{BAFAAC00-1887-4BF5-91A0-180E4F4CAA93}.Release|x64.Build.0 = Release|x64
		{BAFAAC00-1887-4BF5-91A0-180E4F4CAA93}.Release|x86.ActiveCfg = Release|Win32
		{BAFAAC00-1887-4BF5-91A0-180E4F4CAA93}.Release|x86.Build.0 = Release|Win32
		{B3C0234A-34BC-4423-9A16-6252970FC78C}.Debug|x64.ActiveCfg = Debug|x64
		{B3C0234A-34BC-4423-9A16-6252970FC78C}.Debug|x64.Build.0 = Debug|x64
		{B3C0234A-34BC-4423-9A16-6252970FC78C}.Debug|x86.ActiveCfg = Debug|Win32
		{B3C0234A-34BC-4423-9A16-6252970FC78C}.Debug|x86.Build.0 = Debug|Win32
		{B3C0234A-34BC-4423-9A16-6252970FC78C}.Release|x64.ActiveCfg = Release|x64
		{B3C0234A-34BC-4423-9A16-6252970FC78C}.Release|x64.Build.0 = Release|x64
		{B3C0234A-34BC-4423-9A16-6252970FC78C}.Release|x86.ActiveCfg = Release|Win32
		{B3C0234A-34BC-4423-9A16-6252970FC78C}.Release|x86.Build.0 = Release|Win32
		{DB249DB0-A3C8-419C-B554-E8AB9A416B91}.Debug|x64.ActiveCfg = Debug|x64
		{DB249DB0-A3C8-419C-B554-E8AB9A416B91}.Debug|x64.Build.0 = Debug|x64
		{DB249DB0-A3C8-419C-B554-E8AB9A416B91}.Debug|x86.ActiveCfg = Debug|Win32
		{DB249DB0-A3C8-419C-B554-E8AB9A416B91}.Debug|x86.Build.0 = Debug|Win32
		{DB249DB0-A3C8-419C-B554-E8AB9A416B91}.Release|x64.ActiveCfg = Release|x64
		{DB249DB0-A3C8-419C-B554-E8AB9A416B91}.Release|x64.Build.0 = Release|x64
		{DB249DB0-A3C8-419C-B554-E8AB9A416B91}.Release|x86.ActiveCfg = Release|Win32
		{DB249DB0-A3C8-419C-B554-E8AB9A416B91}.Release|x86.Build.0 = Release|Win32
		{837D9D29-F178-4F85-B35D-7DC1E286BA21}.Debug|x64.ActiveCfg = Debug|x64
		{837D9D29-F178-4F85-B35D-7DC1E286BA21}.Debug|x64.Build.0 = Debug|x64
		{837D9D29-F178-4F85-B35D-7DC1E286BA21}.Debug|x86.ActiveCfg = Debug|Win32
		{837D9D29-F178-4F85-B35D-7DC1E286BA21}.Debug|x86.Build.0 = Debug|Win32
		{837D9D29-F178-4F85-B35D-7DC1E286BA21}.Release|x64.ActiveCfg = Release|x64
		{837D9D29-F178-4F85-B35D-7DC1E286BA21}.Release|x64.Build.0 = Release|x64
		{837D9D29-F178-4F85-B35D-7DC1E286BA21}.Release|x86.ActiveCfg = Release|Win32
		{837D9D29-F178-4F85-B35D-7DC1E286BA21}.Release|x86.Build.0 = Release|Win32
		{2B95CF9A-DB38-421E-907E-07AB0E68C3BC}.Debug|x64.ActiveCfg = Debug|x64
		{2B95CF9A-DB38-421E-907E-07AB0E68C3BC}.Debug|x64.Build.0 = Debug|x64
		{2B95CF9A-DB38-421E-907E-07AB0E68C3BC}.Debug|x86.ActiveCfg = Debug|Win32
		{2B95CF9A-DB38-421E-907E-07AB0E68C3BC}.Debug|x86.Build.0 = Debug|Win32
		{2B95CF9A-DB38-421E-907E-07AB0E68C3BC}.Release|x64.ActiveCfg = Release|x64
		{2B95CF9A-DB38-421E-907E-07AB0E68C3BC}.Release|x64.Build.0 = Release|x64
		{2B95CF9A-DB38-421E-907E-07AB0E68C3BC}.Release|x86.ActiveCfg = Release|Win32
		{2B95CF9A-DB38-421E-907E-07AB0E68C3BC}.Release|x86.Build.0 = Release|Win32
		{58D60FAF-2C32-4821-B599-D88D717A1EDA}.Debug|x64.ActiveCfg = Debug|x64
		{58D60FAF-2C32-4821-B599-D88D717A1EDA}.Debug|x64.Build.0 = Debug|x64
		{58D60FAF-2C32-4821-B599-D88D717A1EDA}.Debug|x86.ActiveCfg = Debug|Win32
		{58D60FAF-2C32-4821-B599-D88D717A1EDA}.Debug|x86.Build.0 = Debug|Win32
		{58D60FAF-2C32-4821-B599-D88D717A1EDA}.Release|x64.ActiveCfg = Release|x64
		{58D60FAF-2C32-4821-B599-D88D717A1EDA}.Release|x64.Build.0 = Release|x64
		{58D60FAF-2C32-4821-B599-D88D717A1EDA}.Release|x86.ActiveCfg = Release|Win32
		{58D60FAF-2C32-4821-B599-D88D717A1EDA}.Release|x86.Build.0 = Release|Win32
		{22918EFA-9C57-461F-A7A3-106F75EB4663}.Debug|x64.ActiveCfg = Debug|x64
		{22918EFA-9C57-461F-A7A3-106F75EB4663}.Debug|x64.Build.0 = Debug|x64
		{22918EFA-9C57-461F-A7A3-106F75EB4663}.Debug|x86.ActiveCfg = Debug|Win32
		{22918EFA-9C57-461F-A7A3-106F75EB4663}.Debug|x86.Build.0 = Debug|Win32
		{22918EFA-9C57-461F-A7A3-106F75EB4663}.Release|x64.ActiveCfg = Release|x64
		{22918EFA-9C57-461F-A7A3-106F75EB4663}.Release|x64.Build.0 = Release|x64
		{22918EFA-9C57-461F-A7A3-106F75EB4663}.Release|x86.ActiveCfg = Release|Win32
		{22918EFA-9C57-461F-A7A3-106F75EB4663}.Release|x86.Build.0 = Release|Win32
		{FD19BF55-895C-42D2-950A-ED918902C99A}.Debug|x64.ActiveCfg = Debug|x64
		{FD19BF55-895C-42D2-950A-ED918902C99A}.Debug|x64.Build.0 = Debug|x64
		{FD19BF55-895C-42D2-950A-ED918902C99A}.Debug|x86.ActiveCfg = Debug|Win32
		{FD19BF55-895C-42D2-950A-ED918902C99A}.Debug|x86.Build.0 = Debug|Win32
		{FD19BF55-895C-42D2-950A-ED918902C99A}.Release|x64.ActiveCfg = Release|x64
		{FD19BF55-895C-42D2-950A-ED918902C99A}.Release|x64.Build.0 = Release|x64
		{FD19BF55-895C-42D2-950A-ED918902C99A}.Release|x86.ActiveCfg = Release|Win32
		{FD19BF55-895C-42D2-950A-ED918902C99A}.Release|x86.Build.0 = Release|Win32
		{E76723B8-64FC-4D73-AEE5-AF908CE377DA}.Debug|x64.ActiveCfg = Debug|x64
		{E76723B8-64FC-4D73-AEE5-AF908CE377DA}.Debug|x64.Build.0 = Debug|x64
		{E76723B8-64FC-4D73-AEE5-AF908CE377DA}.Debug|x86.ActiveCfg = Debug|Win32
		{E76723B8-64FC-4D73-AEE5-AF908CE377DA}.Debug|x86.Build.0 = Debug|Win32
		{E76723B8-64FC-4D73-AEE5-AF908CE377DA}.Release|x64.ActiveCfg = Release|x64
		{E76723B8-64FC-4D73-AEE5-AF908CE377DA}.Release|x64.Build.0 = Release|x64
		{E76723B8-64FC-4D73-AEE5-AF908CE377DA}.Release|x86.ActiveCfg = Release|Win32
		{E76723B8-64FC-4D73-AEE5-AF908CE377DA}.Release|x86.Build.0 = Release|Win32
		{6D78A72B-9B8E-44F9-BFF3-B49508E5135D}.Debug|x64.ActiveCfg = Debug|x64
		{6D78A72B-9B8E-44F9-BFF3-B49508E5135D}.Debug|x64.Build.0 = Debug|x64
		{6D78A72B-9B8E-44F9-BFF3-B49508E5135D}.Debug|x86.ActiveCfg = Debug|Win32
		{6D78A72B-9B8E-44F9-BFF3-B49508E5135D}.Debug|x86.Build.0 = Debug|Win32
		{6D78A72B-9B8E-44F9-BFF3-B49508E5135D}.Release|x64.ActiveCfg = Release|x64
		{6D78A72B-9B8E-44F9-BFF3-B49508E5135D}.Release|x64.Build.0 = Release|x64
		{6D78A72B-9B8E-44F9-BFF3-B49508E5135D}.Release|x86.ActiveCfg = Release|Win32
		{6D78A72B-9B8E-44F9-BFF3-B49508E5135D}.Release|x86.Build.0 = Release|Win32
		{23503966-F36E-44C9-AD5A-3BA90EEABFFE}.Debug|x64.ActiveCfg = Debug|x64
		{23503966-F36E-44C9-AD5A-3BA90EEABFFE}.Debug|x64.Build.0 = Debug|x64
		{23503966-F36E-44C9-AD5A-3BA90EEABFFE}.Debug|x86.ActiveCfg = Debug|Win32
		{23503966-F36E-44C9-AD5A-3BA90EEABFFE}.Debug|x86.Build.0 = Debug|Win32
		{23503966-F36E-44C9-AD5A-3BA90EEABFFE}.Release|x64.ActiveCfg = Release|x64
		{23503966-F36E-44C9-AD5A-3BA90EEABFFE}.Release|x64.Build.0 = Release|x64
		{23503966-F36E-44C9-AD5A-3BA90EEABFFE}.Release|x86.ActiveCfg = Release|Win32
		{23503966-F36E-44C9-AD5A-3BA90EEABFFE}.Release|x86.Build.0 = Release|Win32
		{D86A6F96-E261-4E49-81AC-B9996CEEB16D}.Debug|x64.ActiveCfg = Debug|x64
		{D86A6F96-E261-4E49-81AC-B9996CEEB16D}.Debug|x64.Build.0 = Debug|x64
		{D86A6F96-E261-4E49-81AC-B9996CEEB16D}.Debug|x86.ActiveCfg = Debug|Win32
		{D86A6F96-E261-4E49-81AC-B9996CEEB16D}.Debug|x86.Build.0 = Debug|Win32
		{D86A6F96-E261-4E49-81AC-B9996CEEB16D}.Release|x64.ActiveCfg = Release|x64
		{D86A6F96-E261-4E49-81AC-B9996CEEB16D}.Release|x64.Build.0 = Release|x64
		{D86A6F96-E261-4E49-81AC-B9996CEEB16D}.Release|x86.ActiveCfg = Release|Win32
		{D86A6F96-E261-4E49-81AC-B9996CEEB16D}.Release|x86.Build.0 = Release|Win32
		{BA865F74-BBF7-4D35-9770-181ECD0FA5B8}.Debug|x64.ActiveCfg = Debug|x64
		{BA865F74-BBF7-4D35-9770-181ECD0FA5B8}.Debug|x64.Build.0 = Debug|x64
		{BA865F74-BBF7-4D35-9770-181ECD0FA5B8}.Debug|x86.ActiveCfg = Debug|Win32
		{BA865F74-BBF7-4D35-9770-181ECD0FA5B8}.Debug|x86.Build.0 = Debug|Win32
		{BA865F74-BBF7-4D35-9770-181ECD0FA5B8}.Release|x64.ActiveCfg = Release|x64
		{BA865F74-BBF7-4D35-9770-181ECD0FA5B8}.Release|x64.Build.0 = Release|x64
		{BA865F74-BBF7-4D35-9770-181ECD0FA5B8}.Release|x86.ActiveCfg = Release|Win32
		{BA865F74-BBF7-4D35-9770-181ECD0FA5B8}.Release|x86.Build.0 = Release|Win32
		{CC6C805F-CA67-4156-BF12-3EB45B7D05BD}.Debug|x64.ActiveCfg = Debug|x64
		{CC6C805F-CA67-4156-BF12-3EB45B7D05BD}.Debug|x64.Build.0 = Debug|x64
		{CC6C805F-CA67-4156-BF12-3EB45B7D05BD}.Debug|x86.ActiveCfg = Debug|Win32
		{CC6C805F-CA67-4156-BF12-3EB45B7D05BD}.Debug|x86.Build.0 = Debug|Win32
		{CC6C805F-CA67-4156-BF12-3EB45B7D05BD}.Release|x64.ActiveCfg = Release|x64
		{CC6C805F-CA67-4156-BF12-3EB45B7D05BD}.Release|x64.Build.0 = Release|x64
		{CC6C805F-CA67-4156-BF12-3EB45B7D05BD}.Release|x86.ActiveCfg = Release|Win32
		{CC6C805F-CA67-4156-BF12-3EB45B7D05BD}.Release|x86.Build.0 = Release|Win32
		{E7A4BEB7-57A3-4F80-AECA-455E98362179}.Debug|x64.ActiveCfg = Debug|x64
		{E7A4BEB7-57A3-4F80-AECA-455E98362179}.Debug|x64.Build.0 = Debug|x64
		{E7A4BEB7-57A3-4F80-AECA-455E98362179}.Debug|x86.ActiveCfg = Debug|Win32
		{E7A4BEB7-57A3-4F80-AECA-455E98362179}.Debug|x86.Build.0 = Debug|Win32
		{E7A4BEB7-57A3-4F80-AECA-455E98362179}.Release|x64.ActiveCfg = Release|x64
		{E7A4BEB7-57A3-4F80-AECA-455E98362179}.Release|x64.Build.0 = Release|x64
		{E7A4BEB7-57A3-4F80-AECA-455E98362179}.Release|x86.ActiveCfg = Release|Win32
		{E7A4BEB7-57A3-4F80-AECA-455E98362179}.Release|x86.Build.0 = Release|Win32
		{D8B381D2-8EC2-4666-A1C7-C7AD57B01C92}.Debug|x64.ActiveCfg = Debug|x64
		{D8B381D2-8EC2-4666-A1C7-C7AD57B01C92}.Debug|x64.Build.0 = Debug|x64
		{D8B381D2-8EC2-4666-A1C7-C7AD57B01C92}.Debug|x86.ActiveCfg = Debug|Win32
		{D8B381D2-8EC2-4666-A1C7-C7AD57B01C92}.Debug|x86.Build.0 = Debug|Win32
		{D8B381D2-8EC2-4666-A1C7-C7AD57B01C92}.Release|x64.ActiveCfg = Release|x64
		{D8B381D2-8EC2-4666-A1C7-C7AD57B01C92}.Release|x64.Build.0 = Release|x64
		{D8B381D2-8EC2-4666-A1C7-C7AD57B01C92}.Release|x86.ActiveCfg = Release|Win32
		{D8B381D2-8EC2-4666-A1C7-C7AD57B01C92}.Release|x86.Build.0 = Release|Win32
		{AEA4B1DF-E3B6-436D-BA16-ABB5E135D021}.Debug|x64.ActiveCfg = Debug|x64
		{AEA4B1DF-E3B6-436D-BA16-ABB5E135D021}.Debug|x64.Build.0 = Debug|x64
		{AEA4B1DF-E3B6-436D-BA16-ABB5E135D021}.Debug|x86.ActiveCfg = Debug|Win32
		{AEA4B1DF-E3B6-436D-BA16-ABB5E135D021}.Debug|x86.Build.0 = Debug|Win32
		{AEA4B1DF-E3B6-436D-BA16-ABB5E135D021}.Release|x64.ActiveCfg = Release|x64
		{AEA4B1DF-E3B6-436D-BA16-ABB5E135D021}.Release|x64.Build.0 = Release|x64
		{AEA4B1DF-E3B6-436D-BA16-ABB5E135D021}.Release|x86.ActiveCfg = Release|Win32
		{AEA4B1DF-E3B6-436D-BA16-ABB5E135D021}.Release|x86.Build.0 = Release|Win32
		{29EC6FD3-A034-43ED-B070-F4E517DCA916}.Debug|x64.ActiveCfg = Debug|x64
		{29EC6FD3-A034-43ED-B070-F4E517DCA916}.Debug|x64.Build.0 = Debug|x64
		{29EC6FD3-A034-43ED-B070-F4E517DCA916}.Debug|x86.ActiveCfg = Debug|Win32
		{29EC6FD3-A034-43ED-B070-F4E517DCA916}.Debug|x86.Build.0 = Debug|Win32
		{29EC6FD3-A034-43ED-B070-F4E517DCA916}.Release|x64.ActiveCfg = Release|x64
		{29EC6FD3-A034-43ED-B070-F4E517DCA916}.Release|x64.Build.0 = Release|x64
		{29EC6FD3-A034-43ED-B070-F4E517DCA916}.Release|x86.ActiveCfg = Release|Win32
		{29EC6FD3-A034-43ED-B070-F4E517DCA916}.Release|x86.Build.0 = Release|Win32
		{4697F2E1-2C54-41D8-831C-E25BBA3AD61D}.Debug|x64.ActiveCfg = Debug|x64
		{4697F2E1-2C54-41D8-831C-E25BBA3AD61D}.Debug|x64.Build.0 = Debug|x64
		{4697F2E1-2C54-41D8-831C-E25BBA3AD61D}.Debug|x86.ActiveCfg = Debug|Win32
		{4697F2E1-2C54-41D8-831C-E25BBA3AD61D}.Debug|x86.Build.0 = Debug|Win32
		{4697F2E1-2C54-41D8-831C-E25BBA3AD61D}.Release|x64.ActiveCfg = Release|x64
		{4697F2E1-2C54-41D8-831C-E25BBA3AD61D}.Release|x64.Build.0 = Release|x64
		{4697F2E1-2C54-41D8-831C-E25BBA3AD61D}.Release|x86.ActiveCfg = Release|Win32
		{4697F2E1-2C54-41D8-831C-E25BBA3AD61D}.Release|x86.Build.0 = Release|Win32
		{9BFAE160-AFB1-4142-B24F-2C647F308E2F}.Debug|x64.ActiveCfg = Debug|x64
		{9BFAE160-AFB1-4142-B24F-2C647F308E2F}.Debug|x64.Build.0 = Debug|x64
		{9BFAE160-AFB1-4142-B24F-2C647F308E2F}.Debug|x86.ActiveCfg = Debug|Win32
		{9BFAE160-AFB1-4142-B24F-2C647F308E2F}.Debug|x86.Build.0 = Debug|Win32
		{9BFAE160-AFB1-4142-B24F-2C647F308E2F}.Release|x64.ActiveCfg = Release|x64
		{9BFAE160-AFB1-4142-B24F-2C647F308E2F}.Release|x64.Build.0 = Release|x64
		{9BFAE160-AFB1-4142-B24F-2C647F308E2F}.Release|x86.ActiveCfg = Release|Win32
		{9BFAE160-AFB1-4142-B24F-2C647F308E2F}.Release|x86.Build.0 = Release|Win32
		{97B76D14-962D-45E1-AB68-47474AC0A1FA}.Debug|x64.ActiveCfg = Debug|x64
		{97B76D14-962D-45E1-AB68-47474AC0A1FA}.Debug|x64.Build.0 = Debug|x64
		{97B76D14-962D-45E1-AB68-47474AC0A1FA}.Debug|x86.ActiveCfg = Debug|Win32
		{97B76D14-962D-45E1-AB68-47474AC0A1FA}.Debug|x86.Build.0 = Debug|Win32
		{97B76D14-962D-45E1-AB68-47474AC0A1FA}.Release|x64.ActiveCfg = Release|x64
		{97B76D14-962D-45E1-AB68-47474AC0A1FA}.Release|x64.Build.0 = Release|x64
		{97B76D14-962D-45E1-AB68-47474AC0A1FA}.Release|x86.ActiveCfg = Release|Win32
		{97B76D14-962D-45E1-AB68-47474AC0A1FA}.Release|x86.Build.0 = Release|Win32
		{D583F8F6-C65A-4968-80F2-E08A4DC0390F}.Debug|x64.ActiveCfg = Debug|x64
		{D583F8F6-C65A-4968-80F2-E08A4DC0390F}.Debug|x64.Build.0 = Debug|x64
		{D583F8F6-C65A-4968-80F2-E08A4DC0390F}.Debug|x86.ActiveCfg = Debug|Win32
		{D583F8F6-C65A-4968-80F2-E08A4DC0390F}.Debug|x86.Build.0 = Debug|Win32
		{D583F8F6-C65A-4968-80F2-E08A4DC0390F}.Release|x64.ActiveCfg = Release|x64
		{D583F8F6-C65A-4968-80F2-E08A4DC0390F}.Release|x64.Build.0 = Release|x64
		{D583F8F6-C65A-4968-80F2-E08A4DC0390F}.Release|x86.ActiveCfg = Release|Win32
		{D583F8F6-C65A-4968-80F2-E08A4DC0390F}.Release|x86.Build.0 = Release|Win32
		{D2B30D51-D149-4E9B-805A-ABD1C135CF02}.Debug|x64.ActiveCfg = Debug|x64
		{D2B30D51-D149-4E9B-805A-ABD1C135CF02}.Debug|x64.Build.0 = Debug|x64
		{D2B30D51-D149-4E9B-805A-ABD1C135CF02}.Debug|x86.ActiveCfg = Debug|Win32
		{D2B30D51-D149-4E9B-805A-ABD1C135CF02}.Debug|x86.Build.0 = Debug|Win32
		{D2B30D51-D149-4E9B-805A-ABD1C135CF02}.Release|x64.ActiveCfg = Release|x64
		{D2B30D51-D149-4E9B-805A-ABD1C135CF02}.Release|x64.Build.0 = Release|x64
		{D2B30D51-D149-4E9B-805A-ABD1C135CF02}.Release|x86.ActiveCfg = Release|Win32
		{D2B30D51-D149-4E9B-805A-ABD1C135CF02}.Release|x86.Build.0 = Release|Win32
		{6C4DE9BC-674A-45DD-9FC2-C50C27B9E6EB}.Debug|x64.ActiveCfg = Debug|x64
		{6C4DE9BC-674A-45DD-9FC2-C50C27B9E6EB}.Debug|x64.Build.0 = Debug|x64
		{6C4DE9BC-674A-45DD-9FC2-C50C27B9E6EB}.Debug|x86.ActiveCfg = Debug|Win32
		{6C4DE9BC-674A-45DD-9FC2-C50C27B9E6EB}.Debug|x86.Build.0 = Debug|Win32
		{6C4DE9BC-674A-45DD-9FC2-C50C27B9E6EB}.Release|x64.ActiveCfg = Release|x64
		{6C4DE9BC-674A-45DD-9FC2-C50C27B9E6EB}.Release|x64.Build.0 = Release|x64
		{6C4DE9BC-674A-45DD-9FC2-C50C27B9E6EB}.Release|x86.ActiveCfg = Release|Win32
		{6C4DE9BC-674A-45DD-9FC2-C50C27B9E6EB}.Release|x86.Build.0 = Release|Win32
		{3F9F4CF0-8002-4C84-81B0-EBB3480F1712}.Debug|x64.ActiveCfg = Debug|x64
		{3F9F4CF0-8002-4C84-81B0-EBB3480F1712}.Debug|x64.Build.0 = Debug|x64
		{3F9F4CF0-8002-4C84-81B0-EBB3480F1712}.Debug|x86.ActiveCfg = Debug|Win32
		{3F9F4CF0-8002-4C84-81B0-EBB3480F1712}.Debug|x86.Build.0 = Debug|Win32
		{3F9F4CF0-8002-4C84-81B0-EBB3480F1712}.Release|x64.ActiveCfg = Release|x64
		{3F9F4CF0-8002-4C84-81B0-EBB3480F1712}.Release|x64.Build.0 = Release|x64
		{3F9F4CF0-8002-4C84-81B0-EBB3480F1712}.Release|x86.ActiveCfg = Release|Win32
		{3F9F4CF0-8002-4C84-81B0-EBB3480F1712}.Release|x86.Build.0 = Release|Win32
		{6B28199A-980C-46D5-905C-C27B8B2749F9}.Debug|x64.ActiveCfg = Debug|x64
		{6B28199A-980C-46D5-905C-C27B8B2749F9}.Debug|x64.Build.0 = Debug|x64
		{6B28199A-980C-46D5-905C-C27B8B2749F9}.Debug|x86.ActiveCfg = Debug|Win32
		{6B28199A-980C-46D5-905C-C27B8B2749F9}.Debug|x86.Build.0 = Debug|Win32
		{6B28199A-980C-46D5-905C-C27B8B2749F9}.Release|x64.ActiveCfg = Release|x64
		{6B28199A-980C-46D5-905C-C27B8B2749F9}.Release|x64.Build.0 = Release|x64
		{6B28199A-980C-46D5-905C-C27B8B2749F9}.Release|x86.ActiveCfg = Release|Win32
		{6B28199A-980C-46D5-905C-C27B8B2749F9}.Release|x86.Build.0 = Release|Win32
		{3FDC1197-D853-453B-910E-203D8E94C683}.Debug|x64.ActiveCfg = Debug|x64
		{3FDC1197-D853-453B-910E-203D8E94C683}.Debug|x64.Build.0 = Debug|x64
		{3FDC1197-D853-453B-910E-203D8E94C683}.Debug|x86.ActiveCfg = Debug|Win32
		{3FDC1197-D853-453B-910E-203D8E94C683}.Debug|x86.Build.0 = Debug|Win32
		{3FDC1197-D853-453B-910E-203D8E94C683}.Release|x64.ActiveCfg = Release|x64
		{3FDC1197-D853-453B-910E-203D8E94C683}.Release|x64.Build.0 = Release|x64
		{3FDC1197-D853-453B-910E-203D8E94C683}.Release|x86.ActiveCfg = Release|Win32
		{3FDC1197-D853-453B-910E-203D8E94C683}.Release|x86.Build.0 = Release|Win32
		{D83AACC2-557A-4848-8BAF-239F4946CF9A}.Debug|x64.ActiveCfg = Debug|x64
		{D83AACC2-557A-4848-8BAF-239F4946CF9A}.Debug|x64.Build.0 = Debug|x64
		{D83AACC2-557A-4848-8BAF-239F4946CF9A}.Debug|x86.ActiveCfg = Debug|Win32
		{D83AACC2-557A-4848-8BAF-239F4946CF9A}.Debug|x86.Build.0 = Debug|Win32
		{D83AACC2-557A-4848-8BAF-239F4946CF9A}.Release|x64.ActiveCfg = Release|x64
		{D83AACC2-557A-4848-8BAF-239F4946CF9A}.Release|x64.Build.0 = Release|x64
		{D83AACC2-557A-4848-8BAF-239F4946CF9A}.Release|x86.ActiveCfg = Release|Win32
		{D83AACC2-557A-4848-8BAF-239F4946CF9A}.Release|x86.Build.0 = Release|Win32
		{19F1967C-9ED9-4EB9-BCA9-8A46E7E241FD}.Debug|x64.ActiveCfg = Debug|x64
		{19F1967C-9ED9-4EB9-BCA9-8A46E7E241FD}.Debug|x64.Build.0 = Debug|x64
		{19F1967C-9ED9-4EB9-BCA9-8A46E7E241FD}.Debug|x86.ActiveCfg = Debug|Win32
		{19F1967C-9ED9-4EB9-BCA9-8A46E7E241FD}.Debug|x86.Build.0 = Debug|Win32
		{19F1967C-9ED9-4EB9-BCA9-8A46E7E241FD}.Release|x64.ActiveCfg = Release|x64
		{19F1967C-9ED9-4EB9-BCA9-8A46E7E241FD}.Release|x64.Build.0 = Release|x64
		{19F1967C-9ED9-4EB9-BCA9-8A46E7E241FD}.Release|x86.ActiveCfg = Release|Win32
		{19F1967C-9ED9-4EB9-BCA9-8A46E7E241FD}.Release|x86.Build.0 = Release|Win32
		{FEFC0CA9-C99E-45A4-99A6-C6D06648632F}.Debug|x64.ActiveCfg = Debug|x64
		{FEFC0CA9-C99E-45A4-99A6-C6D06648632F}.Debug|x64.Build.0 = Debug|x64
		{FEFC0CA9-C99E-45A4-99A6-C6D06648632F}.Debug|x86.ActiveCfg = Debug|Win32
		{FEFC0CA9-C99E-45A4-99A6-C6D06648632F}.Debug|x86.Build.0 = Debug|Win32
		{FEFC0CA9-C99E-45A4-99A6-C6D06648632F}.Release|x64.ActiveCfg = Release|x64
		{FEFC0CA9-C99E-45A4-99A6-C6D06648632F}.Release|x64.Build.0 = Release|x64
		{FEFC0CA9-C99E-45A4-99A6-C6D06648632F}.Release|x86.ActiveCfg = Release|Win32
		{FEFC0CA9-C99E-45A4-99A6-C6D06648632F}.Release|x86.Build.0 = Release|Win32
		{BD0D786F-8DD9-4E0A-9172-30530489692E}.Debug|x64.ActiveCfg = Debug|x64
		{BD0D786F-8DD9-4E0A-9172-30530489692E}.Debug|x64.Build.0 = Debug|x64
		{BD0D786F-8DD9-4E0A-9172-30530489692E}.Debug|x86.ActiveCfg = Debug|Win32
		{BD0D786F-8DD9-4E0A-9172-30530489692E}.Debug|x86.Build.0 = Debug|Win32
		{BD0D786F-8DD9-4E0A-9172-30530489692E}.Release|x64.ActiveCfg = Release|x64
		{BD0D786F-8DD9-4E0A-9172-30530489692E}.Release|x64.Build.0 = Release|x64
		{BD0D786F-8DD9-4E0A-9172-30530489692E}.Release|x86.ActiveCfg = Release|Win32
		{BD0D786F-8DD9-4E0A-9172-30530489692E}.Release|x86.Build.0 = Release|Win32
		{D1CA7ECB-DD27-4178-B4EE-DF15E232D559}.Debug|x64.ActiveCfg = Debug|x64
		{D1CA7ECB-DD27-4178-B4EE-DF15E232D559}.Debug|x64.Build.0 = Debug|x64
		{D1CA7ECB-DD27-4178-B4EE-DF15E232D559}.Debug|x86.ActiveCfg = Debug|Win32
		{D1CA7ECB-DD27-4178-B4EE-DF15E232D559}.Debug|x86.Build.0 = Debug|Win32
		{D1CA7ECB-DD27-4178-B4EE-DF15E232D559}.Release|x64.ActiveCfg = Release|x64
		{D1CA7ECB-DD27-4178-B4EE-DF15E232D559}.Release|x64.Build.0 = Release|x64
		{D1CA7ECB-DD27-4178-B4EE-DF15E232D559}.Release|x86.ActiveCfg = Release|Win32
		{D1CA7ECB-DD27-4178-B4EE-DF15E232D559}.Release|x86.Build.0 = Release|Win32
		{C68DAB96-DB29-4E17-85CB-C879B76D7FE5}.Debug|x64.ActiveCfg = Debug|x64
		{C68DAB96-DB29-4E17-85CB-C879B76D7FE5}.Debug|x64.Build.0 = Debug|x64
		{C68DAB96-DB29-4E17-85CB-C879B76D7FE5}.Debug|x86.ActiveCfg = Debug|Win32
		{C68DAB96-DB29-4E17-85CB-C879B76D7FE5}.Debug|x86.Build.0 = Debug|Win32
		{C68DAB96-DB29-4E17-85CB-C879B76D7FE5}.Release|x64.ActiveCfg = Release|x64
		{C68DAB96-DB29-4E17-85CB-C879B76D7FE5}.Release|x64.Build.0 = Release|x64
		{C68DAB96-DB29-4E17-85CB-C879B76D7FE5}.Release|x86.ActiveCfg = Release|Win32
		{C68DAB96-DB29-4E17-85CB-C879B76D7FE5}.Release|x86.Build.0 = Release|Win32
		{9EF095DB-6BBC-472F-A164-B72DFAE628A8}.Debug|x64.ActiveCfg = Debug|x64
		{9EF095DB-6BBC-472F-A164-B72DFAE628A8}.Debug|x64.Build.0 = Debug|x64
		{9EF095DB-6BBC-472F-A164-B72DFAE628A8}.Debug|x86.ActiveCfg = Debug|Win32
		{9EF095DB-6BBC-472F-A164-B72DFAE628A8}.Debug|x86.Build.0 = Debug|Win32
		{9EF095DB-6BBC-472F-A164-B72DFAE628A8}.Release|x64.ActiveCfg = Release|x64
		{9EF095DB-6BBC-472F-A164-B72DFAE628A8}.Release|x64.Build.0 = Release|x64
		{9EF095DB-6BBC-472F-A164-B72DFAE628A8}.Release|x86.ActiveCfg = Release|Win32
		{9EF095DB-6BBC-472F-A164-B72DFAE628A8}.Release|x86.Build.0 = Release|Win32
	EndGlobalSection
	GlobalSection(SolutionProperties) = preSolution
		HideSolutionNode = FALSE
	EndGlobalSection
	GlobalSection(ExtensibilityGlobals) = postSolution
		SolutionGuid = {12BEFFB8-F9A6-40DF-8402-8DD03AFE6939}
	EndGlobalSection
EndGlobal
